
Microsoft Visual Studio Solution File, Format Version 12.00
# Visual Studio Version 16
VisualStudioVersion = 16.0.29503.13
MinimumVisualStudioVersion = 10.0.40219.1
Project("{9A19103F-16F7-4668-BE54-9A1E7A4F7556}") = "CoursCSharpPartie1", "CoursCSharpPartie1\CoursCSharpPartie1.csproj", "{0EAA30E8-2DA5-48C0-A7C0-CCE768F7FFE1}"
EndProject
Project("{9A19103F-16F7-4668-BE54-9A1E7A4F7556}") = "CoursCSharpObjetPartie1", "CoursCSharpObjetPartie1\CoursCSharpObjetPartie1.csproj", "{89D8A22F-6D7D-4715-B8F4-F6D2CB744C14}"
EndProject
Project("{9A19103F-16F7-4668-BE54-9A1E7A4F7556}") = "CorrectionForum", "CorrectionForum\CorrectionForum.csproj", "{C7CD7B3E-EE23-4959-BD65-3276466F03DA}"
EndProject
Project("{9A19103F-16F7-4668-BE54-9A1E7A4F7556}") = "CorrectionCompteBancaire", "CorrectionCompteBancaire\CorrectionCompteBancaire.csproj", "{026FF135-5A9E-427F-8D13-2863AE3B233F}"
EndProject
Project("{9A19103F-16F7-4668-BE54-9A1E7A4F7556}") = "Annuaire", "Annuaire\Annuaire.csproj", "{698AAB98-E146-436B-AEFB-84032031CB25}"
EndProject
Project("{9A19103F-16F7-4668-BE54-9A1E7A4F7556}") = "GestionHotel", "GestionHotel\GestionHotel.csproj", "{54AF0697-188B-4F5E-BA0C-59B2E9B15FB0}"
EndProject
Project("{9A19103F-16F7-4668-BE54-9A1E7A4F7556}") = "CoursTestUnitaire", "CoursTestUnitaire\CoursTestUnitaire.csproj", "{F8EBA35C-C380-4038-808D-FBF1C38334D8}"
EndProject
Project("{9A19103F-16F7-4668-BE54-9A1E7A4F7556}") = "Bowling", "Bowling\Bowling.csproj", "{75110E2E-23FC-4B17-8EDB-8BDA52584DE5}"
EndProject
Project("{9A19103F-16F7-4668-BE54-9A1E7A4F7556}") = "BowlingTest", "BowlingTest\BowlingTest.csproj", "{02B9ACAC-C209-41B9-A3B1-14F54AF2FFBE}"
EndProject
Project("{9A19103F-16F7-4668-BE54-9A1E7A4F7556}") = "CoursADONET", "CoursADONET\CoursADONET.csproj", "{6AB6C29A-740C-46B0-90DD-4D49075E6222}"
EndProject
Project("{9A19103F-16F7-4668-BE54-9A1E7A4F7556}") = "Caisse", "Caisse\Caisse.csproj", "{B9CFC111-6755-4D62-97BB-A734696C574A}"
EndProject
Project("{9A19103F-16F7-4668-BE54-9A1E7A4F7556}") = "coursWPF", "coursWPF\coursWPF.csproj", "{48EF9127-0DE7-4F65-9AC6-9783F9C3C100}"
EndProject
Project("{9A19103F-16F7-4668-BE54-9A1E7A4F7556}") = "AnnuaireWPF", "AnnuaireWPF\AnnuaireWPF.csproj", "{1576823F-7AD9-4C22-BF28-5D9B938CAD5D}"
EndProject
Project("{9A19103F-16F7-4668-BE54-9A1E7A4F7556}") = "CaisseWPF", "CaisseWPF\CaisseWPF.csproj", "{56B88B14-15CF-4BE0-8182-2564F2D11923}"
EndProject
Project("{9A19103F-16F7-4668-BE54-9A1E7A4F7556}") = "CorrectionWPFBanque", "CorrectionWPFBanque\CorrectionWPFBanque.csproj", "{0DD2BC92-C3CF-4F18-BB0B-49907ADD02C9}"
EndProject
Project("{9A19103F-16F7-4668-BE54-9A1E7A4F7556}") = "FileReader", "FileReader\FileReader.csproj", "{5F3E581F-BBF3-4F3B-8278-368D3DDD7044}"
EndProject
Project("{9A19103F-16F7-4668-BE54-9A1E7A4F7556}") = "CoursEntityFrameWorkCore", "CoursEntityFrameWorkCore\CoursEntityFrameWorkCore.csproj", "{B44A0701-4813-4EBA-9FCE-6854EADBE68B}"
EndProject
Project("{9A19103F-16F7-4668-BE54-9A1E7A4F7556}") = "AnnuaireMVVMEntityFrameWork", "AnnuaireMVVMEntityFrameWork\AnnuaireMVVMEntityFrameWork.csproj", "{6475B0DD-F1A1-489F-920B-BA00D8719FE6}"
EndProject
Project("{9A19103F-16F7-4668-BE54-9A1E7A4F7556}") = "StudentCours", "StudentCours\StudentCours.csproj", "{F7995E6C-D316-45C5-BF9F-E6A4AE07B523}"
EndProject
Project("{9A19103F-16F7-4668-BE54-9A1E7A4F7556}") = "HotelWPFMVVM", "HotelWPFMVVM\HotelWPFMVVM.csproj", "{1C3EE09A-1267-4A28-8CCE-293C46A5C64C}"
EndProject
Project("{9A19103F-16F7-4668-BE54-9A1E7A4F7556}") = "BankAspNetCore", "BankAspNetCore\BankAspNetCore.csproj", "{95A30337-287D-41A7-B6D6-0C07B92C567C}"
EndProject
Project("{9A19103F-16F7-4668-BE54-9A1E7A4F7556}") = "fakeboncoin", "fakeboncoin\fakeboncoin.csproj", "{3FAF69CD-FB5E-4412-9130-C988899F4A82}"
EndProject
Project("{9A19103F-16F7-4668-BE54-9A1E7A4F7556}") = "Fake Boncoin", "Fake Boncoin\Fake Boncoin.csproj", "{A01A3B87-9C5C-493C-87EE-EFF2F82F7BCB}"
EndProject
Project("{9A19103F-16F7-4668-BE54-9A1E7A4F7556}") = "CoursAspNETCORE", "..\FormationM2I\CoursAspNETCORE\CoursAspNETCORE.csproj", "{15B4F42B-319F-4A95-A479-2C2F54B078C7}"
EndProject
Global
	GlobalSection(SolutionConfigurationPlatforms) = preSolution
		Debug|Any CPU = Debug|Any CPU
		Release|Any CPU = Release|Any CPU
	EndGlobalSection
	GlobalSection(ProjectConfigurationPlatforms) = postSolution
		{0EAA30E8-2DA5-48C0-A7C0-CCE768F7FFE1}.Debug|Any CPU.ActiveCfg = Debug|Any CPU
		{0EAA30E8-2DA5-48C0-A7C0-CCE768F7FFE1}.Debug|Any CPU.Build.0 = Debug|Any CPU
		{0EAA30E8-2DA5-48C0-A7C0-CCE768F7FFE1}.Release|Any CPU.ActiveCfg = Release|Any CPU
		{0EAA30E8-2DA5-48C0-A7C0-CCE768F7FFE1}.Release|Any CPU.Build.0 = Release|Any CPU
		{89D8A22F-6D7D-4715-B8F4-F6D2CB744C14}.Debug|Any CPU.ActiveCfg = Debug|Any CPU
		{89D8A22F-6D7D-4715-B8F4-F6D2CB744C14}.Debug|Any CPU.Build.0 = Debug|Any CPU
		{89D8A22F-6D7D-4715-B8F4-F6D2CB744C14}.Release|Any CPU.ActiveCfg = Release|Any CPU
		{89D8A22F-6D7D-4715-B8F4-F6D2CB744C14}.Release|Any CPU.Build.0 = Release|Any CPU
		{C7CD7B3E-EE23-4959-BD65-3276466F03DA}.Debug|Any CPU.ActiveCfg = Debug|Any CPU
		{C7CD7B3E-EE23-4959-BD65-3276466F03DA}.Debug|Any CPU.Build.0 = Debug|Any CPU
		{C7CD7B3E-EE23-4959-BD65-3276466F03DA}.Release|Any CPU.ActiveCfg = Release|Any CPU
		{C7CD7B3E-EE23-4959-BD65-3276466F03DA}.Release|Any CPU.Build.0 = Release|Any CPU
		{026FF135-5A9E-427F-8D13-2863AE3B233F}.Debug|Any CPU.ActiveCfg = Debug|Any CPU
		{026FF135-5A9E-427F-8D13-2863AE3B233F}.Debug|Any CPU.Build.0 = Debug|Any CPU
		{026FF135-5A9E-427F-8D13-2863AE3B233F}.Release|Any CPU.ActiveCfg = Release|Any CPU
		{026FF135-5A9E-427F-8D13-2863AE3B233F}.Release|Any CPU.Build.0 = Release|Any CPU
		{698AAB98-E146-436B-AEFB-84032031CB25}.Debug|Any CPU.ActiveCfg = Debug|Any CPU
		{698AAB98-E146-436B-AEFB-84032031CB25}.Debug|Any CPU.Build.0 = Debug|Any CPU
		{698AAB98-E146-436B-AEFB-84032031CB25}.Release|Any CPU.ActiveCfg = Release|Any CPU
		{698AAB98-E146-436B-AEFB-84032031CB25}.Release|Any CPU.Build.0 = Release|Any CPU
		{54AF0697-188B-4F5E-BA0C-59B2E9B15FB0}.Debug|Any CPU.ActiveCfg = Debug|Any CPU
		{54AF0697-188B-4F5E-BA0C-59B2E9B15FB0}.Debug|Any CPU.Build.0 = Debug|Any CPU
		{54AF0697-188B-4F5E-BA0C-59B2E9B15FB0}.Release|Any CPU.ActiveCfg = Release|Any CPU
		{54AF0697-188B-4F5E-BA0C-59B2E9B15FB0}.Release|Any CPU.Build.0 = Release|Any CPU
		{F8EBA35C-C380-4038-808D-FBF1C38334D8}.Debug|Any CPU.ActiveCfg = Debug|Any CPU
		{F8EBA35C-C380-4038-808D-FBF1C38334D8}.Debug|Any CPU.Build.0 = Debug|Any CPU
		{F8EBA35C-C380-4038-808D-FBF1C38334D8}.Release|Any CPU.ActiveCfg = Release|Any CPU
		{F8EBA35C-C380-4038-808D-FBF1C38334D8}.Release|Any CPU.Build.0 = Release|Any CPU
		{75110E2E-23FC-4B17-8EDB-8BDA52584DE5}.Debug|Any CPU.ActiveCfg = Debug|Any CPU
		{75110E2E-23FC-4B17-8EDB-8BDA52584DE5}.Debug|Any CPU.Build.0 = Debug|Any CPU
		{75110E2E-23FC-4B17-8EDB-8BDA52584DE5}.Release|Any CPU.ActiveCfg = Release|Any CPU
		{75110E2E-23FC-4B17-8EDB-8BDA52584DE5}.Release|Any CPU.Build.0 = Release|Any CPU
		{02B9ACAC-C209-41B9-A3B1-14F54AF2FFBE}.Debug|Any CPU.ActiveCfg = Debug|Any CPU
		{02B9ACAC-C209-41B9-A3B1-14F54AF2FFBE}.Debug|Any CPU.Build.0 = Debug|Any CPU
		{02B9ACAC-C209-41B9-A3B1-14F54AF2FFBE}.Release|Any CPU.ActiveCfg = Release|Any CPU
		{02B9ACAC-C209-41B9-A3B1-14F54AF2FFBE}.Release|Any CPU.Build.0 = Release|Any CPU
		{6AB6C29A-740C-46B0-90DD-4D49075E6222}.Debug|Any CPU.ActiveCfg = Debug|Any CPU
		{6AB6C29A-740C-46B0-90DD-4D49075E6222}.Debug|Any CPU.Build.0 = Debug|Any CPU
		{6AB6C29A-740C-46B0-90DD-4D49075E6222}.Release|Any CPU.ActiveCfg = Release|Any CPU
		{6AB6C29A-740C-46B0-90DD-4D49075E6222}.Release|Any CPU.Build.0 = Release|Any CPU
		{B9CFC111-6755-4D62-97BB-A734696C574A}.Debug|Any CPU.ActiveCfg = Debug|Any CPU
		{B9CFC111-6755-4D62-97BB-A734696C574A}.Debug|Any CPU.Build.0 = Debug|Any CPU
		{B9CFC111-6755-4D62-97BB-A734696C574A}.Release|Any CPU.ActiveCfg = Release|Any CPU
		{B9CFC111-6755-4D62-97BB-A734696C574A}.Release|Any CPU.Build.0 = Release|Any CPU
		{48EF9127-0DE7-4F65-9AC6-9783F9C3C100}.Debug|Any CPU.ActiveCfg = Debug|Any CPU
		{48EF9127-0DE7-4F65-9AC6-9783F9C3C100}.Debug|Any CPU.Build.0 = Debug|Any CPU
		{48EF9127-0DE7-4F65-9AC6-9783F9C3C100}.Release|Any CPU.ActiveCfg = Release|Any CPU
		{48EF9127-0DE7-4F65-9AC6-9783F9C3C100}.Release|Any CPU.Build.0 = Release|Any CPU
		{1576823F-7AD9-4C22-BF28-5D9B938CAD5D}.Debug|Any CPU.ActiveCfg = Debug|Any CPU
		{1576823F-7AD9-4C22-BF28-5D9B938CAD5D}.Debug|Any CPU.Build.0 = Debug|Any CPU
		{1576823F-7AD9-4C22-BF28-5D9B938CAD5D}.Release|Any CPU.ActiveCfg = Release|Any CPU
		{1576823F-7AD9-4C22-BF28-5D9B938CAD5D}.Release|Any CPU.Build.0 = Release|Any CPU
		{56B88B14-15CF-4BE0-8182-2564F2D11923}.Debug|Any CPU.ActiveCfg = Debug|Any CPU
		{56B88B14-15CF-4BE0-8182-2564F2D11923}.Debug|Any CPU.Build.0 = Debug|Any CPU
		{56B88B14-15CF-4BE0-8182-2564F2D11923}.Release|Any CPU.ActiveCfg = Release|Any CPU
		{56B88B14-15CF-4BE0-8182-2564F2D11923}.Release|Any CPU.Build.0 = Release|Any CPU
		{0DD2BC92-C3CF-4F18-BB0B-49907ADD02C9}.Debug|Any CPU.ActiveCfg = Debug|Any CPU
		{0DD2BC92-C3CF-4F18-BB0B-49907ADD02C9}.Debug|Any CPU.Build.0 = Debug|Any CPU
		{0DD2BC92-C3CF-4F18-BB0B-49907ADD02C9}.Release|Any CPU.ActiveCfg = Release|Any CPU
		{0DD2BC92-C3CF-4F18-BB0B-49907ADD02C9}.Release|Any CPU.Build.0 = Release|Any CPU
		{5F3E581F-BBF3-4F3B-8278-368D3DDD7044}.Debug|Any CPU.ActiveCfg = Debug|Any CPU
		{5F3E581F-BBF3-4F3B-8278-368D3DDD7044}.Debug|Any CPU.Build.0 = Debug|Any CPU
		{5F3E581F-BBF3-4F3B-8278-368D3DDD7044}.Release|Any CPU.ActiveCfg = Release|Any CPU
		{5F3E581F-BBF3-4F3B-8278-368D3DDD7044}.Release|Any CPU.Build.0 = Release|Any CPU
		{B44A0701-4813-4EBA-9FCE-6854EADBE68B}.Debug|Any CPU.ActiveCfg = Debug|Any CPU
		{B44A0701-4813-4EBA-9FCE-6854EADBE68B}.Debug|Any CPU.Build.0 = Debug|Any CPU
		{B44A0701-4813-4EBA-9FCE-6854EADBE68B}.Release|Any CPU.ActiveCfg = Release|Any CPU
		{B44A0701-4813-4EBA-9FCE-6854EADBE68B}.Release|Any CPU.Build.0 = Release|Any CPU
		{6475B0DD-F1A1-489F-920B-BA00D8719FE6}.Debug|Any CPU.ActiveCfg = Debug|Any CPU
		{6475B0DD-F1A1-489F-920B-BA00D8719FE6}.Debug|Any CPU.Build.0 = Debug|Any CPU
		{6475B0DD-F1A1-489F-920B-BA00D8719FE6}.Release|Any CPU.ActiveCfg = Release|Any CPU
		{6475B0DD-F1A1-489F-920B-BA00D8719FE6}.Release|Any CPU.Build.0 = Release|Any CPU
		{F7995E6C-D316-45C5-BF9F-E6A4AE07B523}.Debug|Any CPU.ActiveCfg = Debug|Any CPU
		{F7995E6C-D316-45C5-BF9F-E6A4AE07B523}.Debug|Any CPU.Build.0 = Debug|Any CPU
		{F7995E6C-D316-45C5-BF9F-E6A4AE07B523}.Release|Any CPU.ActiveCfg = Release|Any CPU
		{F7995E6C-D316-45C5-BF9F-E6A4AE07B523}.Release|Any CPU.Build.0 = Release|Any CPU
		{1C3EE09A-1267-4A28-8CCE-293C46A5C64C}.Debug|Any CPU.ActiveCfg = Debug|Any CPU
		{1C3EE09A-1267-4A28-8CCE-293C46A5C64C}.Debug|Any CPU.Build.0 = Debug|Any CPU
		{1C3EE09A-1267-4A28-8CCE-293C46A5C64C}.Release|Any CPU.ActiveCfg = Release|Any CPU
		{1C3EE09A-1267-4A28-8CCE-293C46A5C64C}.Release|Any CPU.Build.0 = Release|Any CPU
		{95A30337-287D-41A7-B6D6-0C07B92C567C}.Debug|Any CPU.ActiveCfg = Debug|Any CPU
		{95A30337-287D-41A7-B6D6-0C07B92C567C}.Debug|Any CPU.Build.0 = Debug|Any CPU
		{95A30337-287D-41A7-B6D6-0C07B92C567C}.Release|Any CPU.ActiveCfg = Release|Any CPU
		{95A30337-287D-41A7-B6D6-0C07B92C567C}.Release|Any CPU.Build.0 = Release|Any CPU
		{3FAF69CD-FB5E-4412-9130-C988899F4A82}.Debug|Any CPU.ActiveCfg = Debug|Any CPU
		{3FAF69CD-FB5E-4412-9130-C988899F4A82}.Debug|Any CPU.Build.0 = Debug|Any CPU
		{3FAF69CD-FB5E-4412-9130-C988899F4A82}.Release|Any CPU.ActiveCfg = Release|Any CPU
		{3FAF69CD-FB5E-4412-9130-C988899F4A82}.Release|Any CPU.Build.0 = Release|Any CPU
		{A01A3B87-9C5C-493C-87EE-EFF2F82F7BCB}.Debug|Any CPU.ActiveCfg = Debug|Any CPU
		{A01A3B87-9C5C-493C-87EE-EFF2F82F7BCB}.Debug|Any CPU.Build.0 = Debug|Any CPU
		{A01A3B87-9C5C-493C-87EE-EFF2F82F7BCB}.Release|Any CPU.ActiveCfg = Release|Any CPU
		{A01A3B87-9C5C-493C-87EE-EFF2F82F7BCB}.Release|Any CPU.Build.0 = Release|Any CPU
		{15B4F42B-319F-4A95-A479-2C2F54B078C7}.Debug|Any CPU.ActiveCfg = Debug|Any CPU
		{15B4F42B-319F-4A95-A479-2C2F54B078C7}.Debug|Any CPU.Build.0 = Debug|Any CPU
		{15B4F42B-319F-4A95-A479-2C2F54B078C7}.Release|Any CPU.ActiveCfg = Release|Any CPU
		{15B4F42B-319F-4A95-A479-2C2F54B078C7}.Release|Any CPU.Build.0 = Release|Any CPU
	EndGlobalSection
	GlobalSection(SolutionProperties) = preSolution
		HideSolutionNode = FALSE
	EndGlobalSection
	GlobalSection(ExtensibilityGlobals) = postSolution
		SolutionGuid = {932EAA32-ACA2-4D4F-AECB-D0EF55B8A148}
	EndGlobalSection
EndGlobal
