
Microsoft Visual Studio Solution File, Format Version 12.00
# Visual Studio Version 16
VisualStudioVersion = 16.0.30711.63
MinimumVisualStudioVersion = 10.0.40219.1
Project("{FAE04EC0-301F-11D3-BF4B-00C04F79EFBC}") = "CSharpMoi", "CSharpMoi.csproj", "{9A44F728-65A1-4044-9AB1-512A35986605}"
EndProject
Project("{FAE04EC0-301F-11D3-BF4B-00C04F79EFBC}") = "CSharpMoi objet partie 1", "..\CSharpMoi objet partie 1\CSharpMoi objet partie 1.csproj", "{16B54D73-E07D-4CE2-9224-EA4A33D3B05B}"
EndProject
Global
	GlobalSection(SolutionConfigurationPlatforms) = preSolution
		Debug|Any CPU = Debug|Any CPU
		Release|Any CPU = Release|Any CPU
	EndGlobalSection
	GlobalSection(ProjectConfigurationPlatforms) = postSolution
		{9A44F728-65A1-4044-9AB1-512A35986605}.Debug|Any CPU.ActiveCfg = Debug|Any CPU
		{9A44F728-65A1-4044-9AB1-512A35986605}.Debug|Any CPU.Build.0 = Debug|Any CPU
		{9A44F728-65A1-4044-9AB1-512A35986605}.Release|Any CPU.ActiveCfg = Release|Any CPU
		{9A44F728-65A1-4044-9AB1-512A35986605}.Release|Any CPU.Build.0 = Release|Any CPU
		{16B54D73-E07D-4CE2-9224-EA4A33D3B05B}.Debug|Any CPU.ActiveCfg = Debug|Any CPU
		{16B54D73-E07D-4CE2-9224-EA4A33D3B05B}.Debug|Any CPU.Build.0 = Debug|Any CPU
		{16B54D73-E07D-4CE2-9224-EA4A33D3B05B}.Release|Any CPU.ActiveCfg = Release|Any CPU
		{16B54D73-E07D-4CE2-9224-EA4A33D3B05B}.Release|Any CPU.Build.0 = Release|Any CPU
	EndGlobalSection
	GlobalSection(SolutionProperties) = preSolution
		HideSolutionNode = FALSE
	EndGlobalSection
	GlobalSection(ExtensibilityGlobals) = postSolution
		SolutionGuid = {E095B416-A1F7-480E-BCBD-B28250ABDADA}
	EndGlobalSection
EndGlobal
