
Microsoft Visual Studio Solution File, Format Version 12.00
# Visual Studio Version 16
VisualStudioVersion = 16.0.30711.63
MinimumVisualStudioVersion = 10.0.40219.1
Project("{9A19103F-16F7-4668-BE54-9A1E7A4F7556}") = "CompteBancaire", "CompteBancaire.csproj", "{CFB30120-E0A3-4C67-895D-BC677ADB08F0}"
EndProject
Global
	GlobalSection(SolutionConfigurationPlatforms) = preSolution
		Debug|Any CPU = Debug|Any CPU
		Release|Any CPU = Release|Any CPU
	EndGlobalSection
	GlobalSection(ProjectConfigurationPlatforms) = postSolution
		{CFB30120-E0A3-4C67-895D-BC677ADB08F0}.Debug|Any CPU.ActiveCfg = Debug|Any CPU
		{CFB30120-E0A3-4C67-895D-BC677ADB08F0}.Debug|Any CPU.Build.0 = Debug|Any CPU
		{CFB30120-E0A3-4C67-895D-BC677ADB08F0}.Release|Any CPU.ActiveCfg = Release|Any CPU
		{CFB30120-E0A3-4C67-895D-BC677ADB08F0}.Release|Any CPU.Build.0 = Release|Any CPU
	EndGlobalSection
	GlobalSection(SolutionProperties) = preSolution
		HideSolutionNode = FALSE
	EndGlobalSection
	GlobalSection(ExtensibilityGlobals) = postSolution
		SolutionGuid = {E55F9F16-1255-4E18-8300-75D071785ECA}
	EndGlobalSection
EndGlobal
