
Microsoft Visual Studio Solution File, Format Version 12.00
# Visual Studio Version 16
VisualStudioVersion = 16.0.30711.63
MinimumVisualStudioVersion = 10.0.40219.1
Project("{9A19103F-16F7-4668-BE54-9A1E7A4F7556}") = "CSharpMoi objet partie 1", "CSharpMoi objet partie 1.csproj", "{66CA310F-858D-49CF-883A-84C79CD6738E}"
EndProject
Project("{FAE04EC0-301F-11D3-BF4B-00C04F79EFBC}") = "exo", "..\exo\exo.csproj", "{2B0A15B3-F9F6-4E33-A8E2-9863AEE8875A}"
EndProject
Global
	GlobalSection(SolutionConfigurationPlatforms) = preSolution
		Debug|Any CPU = Debug|Any CPU
		Release|Any CPU = Release|Any CPU
	EndGlobalSection
	GlobalSection(ProjectConfigurationPlatforms) = postSolution
		{66CA310F-858D-49CF-883A-84C79CD6738E}.Debug|Any CPU.ActiveCfg = Debug|Any CPU
		{66CA310F-858D-49CF-883A-84C79CD6738E}.Debug|Any CPU.Build.0 = Debug|Any CPU
		{66CA310F-858D-49CF-883A-84C79CD6738E}.Release|Any CPU.ActiveCfg = Release|Any CPU
		{66CA310F-858D-49CF-883A-84C79CD6738E}.Release|Any CPU.Build.0 = Release|Any CPU
		{2B0A15B3-F9F6-4E33-A8E2-9863AEE8875A}.Debug|Any CPU.ActiveCfg = Debug|Any CPU
		{2B0A15B3-F9F6-4E33-A8E2-9863AEE8875A}.Debug|Any CPU.Build.0 = Debug|Any CPU
		{2B0A15B3-F9F6-4E33-A8E2-9863AEE8875A}.Release|Any CPU.ActiveCfg = Release|Any CPU
		{2B0A15B3-F9F6-4E33-A8E2-9863AEE8875A}.Release|Any CPU.Build.0 = Release|Any CPU
	EndGlobalSection
	GlobalSection(SolutionProperties) = preSolution
		HideSolutionNode = FALSE
	EndGlobalSection
	GlobalSection(ExtensibilityGlobals) = postSolution
		SolutionGuid = {97082F3F-0F47-46FD-9A2C-E2362BF37685}
	EndGlobalSection
EndGlobal
